
Microsoft Visual Studio Solution File, Format Version 12.00
# Visual Studio Version 16
VisualStudioVersion = 16.0.32407.337
MinimumVisualStudioVersion = 10.0.40219.1
Project("{FAE04EC0-301F-11D3-BF4B-00C04F79EFBC}") = "MobilShop", "MobilShop\MobilShop.csproj", "{AA5AD2B9-D629-482A-8A4E-C12AD5721F58}"
EndProject
Global
	GlobalSection(SolutionConfigurationPlatforms) = preSolution
		Debug|Any CPU = Debug|Any CPU
		Release|Any CPU = Release|Any CPU
	EndGlobalSection
	GlobalSection(ProjectConfigurationPlatforms) = postSolution
		{AA5AD2B9-D629-482A-8A4E-C12AD5721F58}.Debug|Any CPU.ActiveCfg = Debug|Any CPU
		{AA5AD2B9-D629-482A-8A4E-C12AD5721F58}.Debug|Any CPU.Build.0 = Debug|Any CPU
		{AA5AD2B9-D629-482A-8A4E-C12AD5721F58}.Release|Any CPU.ActiveCfg = Release|Any CPU
		{AA5AD2B9-D629-482A-8A4E-C12AD5721F58}.Release|Any CPU.Build.0 = Release|Any CPU
	EndGlobalSection
	GlobalSection(SolutionProperties) = preSolution
		HideSolutionNode = FALSE
	EndGlobalSection
	GlobalSection(ExtensibilityGlobals) = postSolution
		SolutionGuid = {5747D122-55F5-42FE-A658-A9BC3FD5D551}
	EndGlobalSection
EndGlobal
